
Microsoft Visual Studio Solution File, Format Version 12.00
# Visual Studio Version 17
VisualStudioVersion = 17.0.32002.185
MinimumVisualStudioVersion = 10.0.40219.1
Project("{FAE04EC0-301F-11D3-BF4B-00C04F79EFBC}") = "PLCLibrary", "PLCLibrary\PLCLibrary.csproj", "{E35B357D-6CFB-4793-8532-A86A23A1290E}"
EndProject
Project("{FAE04EC0-301F-11D3-BF4B-00C04F79EFBC}") = "WPFApp", "WPFApp\WPFApp.csproj", "{ACF83DB5-6134-4795-B586-4FEF70A99114}"
EndProject
Global
	GlobalSection(SolutionConfigurationPlatforms) = preSolution
		Debug|Any CPU = Debug|Any CPU
		Release|Any CPU = Release|Any CPU
	EndGlobalSection
	GlobalSection(ProjectConfigurationPlatforms) = postSolution
		{E35B357D-6CFB-4793-8532-A86A23A1290E}.Debug|Any CPU.ActiveCfg = Debug|Any CPU
		{E35B357D-6CFB-4793-8532-A86A23A1290E}.Debug|Any CPU.Build.0 = Debug|Any CPU
		{E35B357D-6CFB-4793-8532-A86A23A1290E}.Release|Any CPU.ActiveCfg = Release|Any CPU
		{E35B357D-6CFB-4793-8532-A86A23A1290E}.Release|Any CPU.Build.0 = Release|Any CPU
		{ACF83DB5-6134-4795-B586-4FEF70A99114}.Debug|Any CPU.ActiveCfg = Debug|Any CPU
		{ACF83DB5-6134-4795-B586-4FEF70A99114}.Debug|Any CPU.Build.0 = Debug|Any CPU
		{ACF83DB5-6134-4795-B586-4FEF70A99114}.Release|Any CPU.ActiveCfg = Release|Any CPU
		{ACF83DB5-6134-4795-B586-4FEF70A99114}.Release|Any CPU.Build.0 = Release|Any CPU
	EndGlobalSection
	GlobalSection(SolutionProperties) = preSolution
		HideSolutionNode = FALSE
	EndGlobalSection
	GlobalSection(ExtensibilityGlobals) = postSolution
		SolutionGuid = {FA3A7643-F75D-4AD3-ACCC-9D1FF8942C64}
	EndGlobalSection
EndGlobal
